
Microsoft Visual Studio Solution File, Format Version 12.00
# Visual Studio 15
VisualStudioVersion = 15.0.27703.2042
MinimumVisualStudioVersion = 10.0.40219.1
Project("{FAE04EC0-301F-11D3-BF4B-00C04F79EFBC}") = "Speechmatics.API", "Speechmatics.API\Speechmatics.API.csproj", "{187B2F43-BB01-4DE2-B882-8384EC498CEE}"
EndProject
Project("{FAE04EC0-301F-11D3-BF4B-00C04F79EFBC}") = "Speechmatics.Transcription", "Speechmatics.Transcription\Speechmatics.Transcription.csproj", "{FF03DA95-1F19-42B1-BCD2-D3EACA5A60E8}"
EndProject
Project("{FAE04EC0-301F-11D3-BF4B-00C04F79EFBC}") = "Speechmatics.Alignment", "Speechmatics.Alignment\Speechmatics.Alignment.csproj", "{4A23139B-BD03-4EF3-B409-0267C5A935F9}"
EndProject
Global
	GlobalSection(SolutionConfigurationPlatforms) = preSolution
		Debug|Any CPU = Debug|Any CPU
		Release|Any CPU = Release|Any CPU
	EndGlobalSection
	GlobalSection(ProjectConfigurationPlatforms) = postSolution
		{187B2F43-BB01-4DE2-B882-8384EC498CEE}.Debug|Any CPU.ActiveCfg = Debug|Any CPU
		{187B2F43-BB01-4DE2-B882-8384EC498CEE}.Debug|Any CPU.Build.0 = Debug|Any CPU
		{187B2F43-BB01-4DE2-B882-8384EC498CEE}.Release|Any CPU.ActiveCfg = Release|Any CPU
		{187B2F43-BB01-4DE2-B882-8384EC498CEE}.Release|Any CPU.Build.0 = Release|Any CPU
		{FF03DA95-1F19-42B1-BCD2-D3EACA5A60E8}.Debug|Any CPU.ActiveCfg = Debug|Any CPU
		{FF03DA95-1F19-42B1-BCD2-D3EACA5A60E8}.Debug|Any CPU.Build.0 = Debug|Any CPU
		{FF03DA95-1F19-42B1-BCD2-D3EACA5A60E8}.Release|Any CPU.ActiveCfg = Release|Any CPU
		{FF03DA95-1F19-42B1-BCD2-D3EACA5A60E8}.Release|Any CPU.Build.0 = Release|Any CPU
		{4A23139B-BD03-4EF3-B409-0267C5A935F9}.Debug|Any CPU.ActiveCfg = Debug|Any CPU
		{4A23139B-BD03-4EF3-B409-0267C5A935F9}.Debug|Any CPU.Build.0 = Debug|Any CPU
		{4A23139B-BD03-4EF3-B409-0267C5A935F9}.Release|Any CPU.ActiveCfg = Release|Any CPU
		{4A23139B-BD03-4EF3-B409-0267C5A935F9}.Release|Any CPU.Build.0 = Release|Any CPU
	EndGlobalSection
	GlobalSection(SolutionProperties) = preSolution
		HideSolutionNode = FALSE
	EndGlobalSection
	GlobalSection(ExtensibilityGlobals) = postSolution
		SolutionGuid = {DD86205F-F4EC-42D7-865C-0C234451349F}
	EndGlobalSection
	GlobalSection(SubversionScc) = preSolution
		Svn-Managed = True
		Manager = AnkhSVN - Subversion Support for Visual Studio
	EndGlobalSection
EndGlobal
